{
  "name": "@kgcrom/stock-clue",
  "lockfileVersion": 3,
  "requires": true,
  "packages": {
    "": {
      "name": "@kgcrom/stock-clue",
      "license": "Apache-2.0",
      "devDependencies": {
        "@autorest/core": "~3.10.2",
        "@autorest/modelerfour": "~4.27.0",
        "@autorest/python": "~6.13.15",
        "autorest": "~3.7.1"
      }
    },
    "node_modules/@autorest/core": {
      "version": "3.10.2",
      "resolved": "https://registry.npmjs.org/@autorest/core/-/core-3.10.2.tgz",
      "integrity": "sha512-HQlqkY7SkqyEIidYhEUt3O0mDv0qwxewPTlV6cxlknnLmnj6pTPYqMAmIjXiKo5NzwP2HY8jYZyOJyGGxBQNzw==",
      "dev": true,
      "bin": {
        "autorest-core": "entrypoints/app.js",
        "autorest-language-service": "entrypoints/language-service.js"
      },
      "engines": {
        "node": ">=12.0.0"
      }
    },
    "node_modules/@autorest/modelerfour": {
      "version": "4.27.0",
      "resolved": "https://registry.npmjs.org/@autorest/modelerfour/-/modelerfour-4.27.0.tgz",
      "integrity": "sha512-Tbsqy4MCQeuVmDRQCwL9S+B1UeDbazx8LBF3eecrDrLY4ERShzXjB0Z4ZCwrxspmDFlDrrw5G2pGzjBE3aC+IQ==",
      "dev": true,
      "engines": {
        "node": ">=12.0.0"
      }
    },
    "node_modules/@autorest/python": {
      "version": "6.13.17",
      "resolved": "https://registry.npmjs.org/@autorest/python/-/python-6.13.17.tgz",
      "integrity": "sha512-LFqAZz08bssfcFP+AXFkFmD6vgmoSe05WRIRrPW2vK+lXNloDx4PixdoCJ8JsEi1Bkzm6NhS64nCAe/ogoqp7g==",
      "dev": true,
      "hasInstallScript": true,
      "dependencies": {
        "@autorest/system-requirements": "~1.0.2"
      }
    },
    "node_modules/@autorest/system-requirements": {
      "version": "1.0.2",
      "resolved": "https://registry.npmjs.org/@autorest/system-requirements/-/system-requirements-1.0.2.tgz",
      "integrity": "sha512-T21naRb6JDdjjn2s/zwr9iCIv/9jviL/PRtiWAhi+3UA2WKH2wrId2VqJa4uVD7iEV8BLkuGgFmMkaMBG26hFw==",
      "dev": true,
      "dependencies": {
        "@azure/logger": "^1.0.2",
        "command-exists": "~1.2.9",
        "semver": "^7.3.5"
      },
      "engines": {
        "node": ">=12.0.0"
      }
    },
    "node_modules/@azure/logger": {
      "version": "1.1.2",
      "resolved": "https://registry.npmjs.org/@azure/logger/-/logger-1.1.2.tgz",
      "integrity": "sha512-l170uE7bsKpIU6B/giRc9i4NI0Mj+tANMMMxf7Zi/5cKzEqPayP7+X1WPrG7e+91JgY8N+7K7nF2WOi7iVhXvg==",
      "dev": true,
      "dependencies": {
        "tslib": "^2.6.2"
      },
      "engines": {
        "node": ">=18.0.0"
      }
    },
    "node_modules/autorest": {
      "version": "3.7.1",
      "resolved": "https://registry.npmjs.org/autorest/-/autorest-3.7.1.tgz",
      "integrity": "sha512-6q17NtosQZPqBkIOUnaOPedf3PDIBF7Ha1iEGRhTqZF6TG2Q/1E3ID/D+ePIIzZDKvW01p/2pENq/oiBWH9IGQ==",
      "dev": true,
      "hasInstallScript": true,
      "bin": {
        "autorest": "entrypoints/app.js"
      },
      "engines": {
        "node": ">=12.0.0"
      }
    },
    "node_modules/command-exists": {
      "version": "1.2.9",
      "resolved": "https://registry.npmjs.org/command-exists/-/command-exists-1.2.9.tgz",
      "integrity": "sha512-LTQ/SGc+s0Xc0Fu5WaKnR0YiygZkm9eKFvyS+fRsU7/ZWFF8ykFM6Pc9aCVf1+xasOOZpO3BAVgVrKvsqKHV7w==",
      "dev": true
    },
    "node_modules/semver": {
      "version": "7.6.2",
      "resolved": "https://registry.npmjs.org/semver/-/semver-7.6.2.tgz",
      "integrity": "sha512-FNAIBWCx9qcRhoHcgcJ0gvU7SN1lYU2ZXuSfl04bSC5OpvDHFyJCjdNHomPXxjQlCBU67YW64PzY7/VIEH7F2w==",
      "dev": true,
      "bin": {
        "semver": "bin/semver.js"
      },
      "engines": {
        "node": ">=10"
      }
    },
    "node_modules/tslib": {
      "version": "2.6.2",
      "resolved": "https://registry.npmjs.org/tslib/-/tslib-2.6.2.tgz",
      "integrity": "sha512-AEYxH93jGFPn/a2iVAwW87VuUIkR1FVUKB77NwMF7nBTDkDrrT/Hpt/IrCJ0QXhW27jTBDcf5ZY7w6RiqTMw2Q==",
      "dev": true
    }
  }
}
